
Microsoft Visual Studio Solution File, Format Version 12.00
# Visual Studio Version 16
VisualStudioVersion = 16.0.29411.108
MinimumVisualStudioVersion = 10.0.40219.1
Project("{FAE04EC0-301F-11D3-BF4B-00C04F79EFBC}") = "QuantumLink", "QuantumLink\QuantumLink.csproj", "{BD733396-E384-49C7-814F-12F9047B62E4}"
EndProject
Project("{FAE04EC0-301F-11D3-BF4B-00C04F79EFBC}") = "Server", "Server\Server.csproj", "{FAAAE81F-A3A8-466C-98E2-9793285AB20D}"
EndProject
Global
	GlobalSection(SolutionConfigurationPlatforms) = preSolution
		Debug|Any CPU = Debug|Any CPU
		Release|Any CPU = Release|Any CPU
	EndGlobalSection
	GlobalSection(ProjectConfigurationPlatforms) = postSolution
		{BD733396-E384-49C7-814F-12F9047B62E4}.Debug|Any CPU.ActiveCfg = Debug|Any CPU
		{BD733396-E384-49C7-814F-12F9047B62E4}.Debug|Any CPU.Build.0 = Debug|Any CPU
		{BD733396-E384-49C7-814F-12F9047B62E4}.Release|Any CPU.ActiveCfg = Release|Any CPU
		{BD733396-E384-49C7-814F-12F9047B62E4}.Release|Any CPU.Build.0 = Release|Any CPU
		{FAAAE81F-A3A8-466C-98E2-9793285AB20D}.Debug|Any CPU.ActiveCfg = Debug|Any CPU
		{FAAAE81F-A3A8-466C-98E2-9793285AB20D}.Debug|Any CPU.Build.0 = Debug|Any CPU
		{FAAAE81F-A3A8-466C-98E2-9793285AB20D}.Release|Any CPU.ActiveCfg = Release|Any CPU
		{FAAAE81F-A3A8-466C-98E2-9793285AB20D}.Release|Any CPU.Build.0 = Release|Any CPU
	EndGlobalSection
	GlobalSection(SolutionProperties) = preSolution
		HideSolutionNode = FALSE
	EndGlobalSection
	GlobalSection(ExtensibilityGlobals) = postSolution
		SolutionGuid = {8CC52E01-9CFE-47F0-931B-F09B33D6B410}
	EndGlobalSection
EndGlobal
